
Microsoft Visual Studio Solution File, Format Version 12.00
# Visual Studio Version 17
VisualStudioVersion = 17.5.002.0
MinimumVisualStudioVersion = 10.0.40219.1
Project("{9A19103F-16F7-4668-BE54-9A1E7A4F7556}") = "xi-jinping-bot", "xi-jinping-bot.csproj", "{7D276931-99C3-4394-BF60-DFCA0A3A40BE}"
EndProject
Global
	GlobalSection(SolutionConfigurationPlatforms) = preSolution
		Debug|Any CPU = Debug|Any CPU
		Release|Any CPU = Release|Any CPU
	EndGlobalSection
	GlobalSection(ProjectConfigurationPlatforms) = postSolution
		{7D276931-99C3-4394-BF60-DFCA0A3A40BE}.Debug|Any CPU.ActiveCfg = Debug|Any CPU
		{7D276931-99C3-4394-BF60-DFCA0A3A40BE}.Debug|Any CPU.Build.0 = Debug|Any CPU
		{7D276931-99C3-4394-BF60-DFCA0A3A40BE}.Release|Any CPU.ActiveCfg = Release|Any CPU
		{7D276931-99C3-4394-BF60-DFCA0A3A40BE}.Release|Any CPU.Build.0 = Release|Any CPU
	EndGlobalSection
	GlobalSection(SolutionProperties) = preSolution
		HideSolutionNode = FALSE
	EndGlobalSection
	GlobalSection(ExtensibilityGlobals) = postSolution
		SolutionGuid = {1689FD58-C902-4840-AC27-23A4A94E534A}
	EndGlobalSection
EndGlobal
